// !$*UTF8*$!
{
	archiveVersion = 1;
	classes = {
	};
	objectVersion = 46;
	objects = {

/* Begin PBXBuildFile section */
		B059BCA51C2D83AD00126834 /* README.mdown in Sources */ = {isa = PBXBuildFile; fileRef = B059BCA41C2D83AD00126834 /* README.mdown */; };
		B0A8A2171C2ACF8C006C6E89 /* main.m in Sources */ = {isa = PBXBuildFile; fileRef = B0A8A2161C2ACF8C006C6E89 /* main.m */; };
		B0A8A21A1C2ACF8C006C6E89 /* AppDelegate.m in Sources */ = {isa = PBXBuildFile; fileRef = B0A8A2191C2ACF8C006C6E89 /* AppDelegate.m */; };
		B0A8A2221C2ACF8C006C6E89 /* Assets.xcassets in Resources */ = {isa = PBXBuildFile; fileRef = B0A8A2211C2ACF8C006C6E89 /* Assets.xcassets */; };
		B0A8A2251C2ACF8C006C6E89 /* LaunchScreen.storyboard in Resources */ = {isa = PBXBuildFile; fileRef = B0A8A2231C2ACF8C006C6E89 /* LaunchScreen.storyboard */; };
		B0A8A22E1C2ACFAE006C6E89 /* WMWindow.m in Sources */ = {isa = PBXBuildFile; fileRef = B0A8A22D1C2ACFAE006C6E89 /* WMWindow.m */; };
/* End PBXBuildFile section */

/* Begin PBXFileReference section */
		B059BCA41C2D83AD00126834 /* README.mdown */ = {isa = PBXFileReference; fileEncoding = 4; lastKnownFileType = net.daringfireball.markdown; path = README.mdown; sourceTree = "<group>"; };
		B0A8A2121C2ACF8C006C6E89 /* WindowManager.app */ = {isa = PBXFileReference; explicitFileType = wrapper.application; includeInIndex = 0; path = WindowManager.app; sourceTree = BUILT_PRODUCTS_DIR; };
		B0A8A2161C2ACF8C006C6E89 /* main.m */ = {isa = PBXFileReference; lastKnownFileType = sourcecode.c.objc; path = main.m; sourceTree = "<group>"; };
		B0A8A2181C2ACF8C006C6E89 /* AppDelegate.h */ = {isa = PBXFileReference; lastKnownFileType = sourcecode.c.h; path = AppDelegate.h; sourceTree = "<group>"; };
		B0A8A2191C2ACF8C006C6E89 /* AppDelegate.m */ = {isa = PBXFileReference; lastKnownFileType = sourcecode.c.objc; path = AppDelegate.m; sourceTree = "<group>"; };
		B0A8A2211C2ACF8C006C6E89 /* Assets.xcassets */ = {isa = PBXFileReference; lastKnownFileType = folder.assetcatalog; path = Assets.xcassets; sourceTree = "<group>"; };
		B0A8A2241C2ACF8C006C6E89 /* Base */ = {isa = PBXFileReference; lastKnownFileType = file.storyboard; name = Base; path = Base.lproj/LaunchScreen.storyboard; sourceTree = "<group>"; };
		B0A8A2261C2ACF8C006C6E89 /* Info.plist */ = {isa = PBXFileReference; lastKnownFileType = text.plist.xml; path = Info.plist; sourceTree = "<group>"; };
		B0A8A22C1C2ACFAE006C6E89 /* WMWindow.h */ = {isa = PBXFileReference; fileEncoding = 4; lastKnownFileType = sourcecode.c.h; path = WMWindow.h; sourceTree = "<group>"; };
		B0A8A22D1C2ACFAE006C6E89 /* WMWindow.m */ = {isa = PBXFileReference; fileEncoding = 4; lastKnownFileType = sourcecode.c.objc; path = WMWindow.m; sourceTree = "<group>"; };
/* End PBXFileReference section */

/* Begin PBXFrameworksBuildPhase section */
		B0A8A20F1C2ACF8C006C6E89 /* Frameworks */ = {
			isa = PBXFrameworksBuildPhase;
			buildActionMask = 2147483647;
			files = (
			);
			runOnlyForDeploymentPostprocessing = 0;
		};
/* End PBXFrameworksBuildPhase section */

/* Begin PBXGroup section */
		B0A8A2091C2ACF8C006C6E89 = {
			isa = PBXGroup;
			children = (
				B059BCA41C2D83AD00126834 /* README.mdown */,
				B0A8A2141C2ACF8C006C6E89 /* WindowManager */,
				B0A8A2131C2ACF8C006C6E89 /* Products */,
			);
			sourceTree = "<group>";
		};
		B0A8A2131C2ACF8C006C6E89 /* Products */ = {
			isa = PBXGroup;
			children = (
				B0A8A2121C2ACF8C006C6E89 /* WindowManager.app */,
			);
			name = Products;
			sourceTree = "<group>";
		};
		B0A8A2141C2ACF8C006C6E89 /* WindowManager */ = {
			isa = PBXGroup;
			children = (
				B0A8A2181C2ACF8C006C6E89 /* AppDelegate.h */,
				B0A8A2191C2ACF8C006C6E89 /* AppDelegate.m */,
				B0A8A22C1C2ACFAE006C6E89 /* WMWindow.h */,
				B0A8A22D1C2ACFAE006C6E89 /* WMWindow.m */,
				B0A8A2211C2ACF8C006C6E89 /* Assets.xcassets */,
				B0A8A2231C2ACF8C006C6E89 /* LaunchScreen.storyboard */,
				B0A8A2261C2ACF8C006C6E89 /* Info.plist */,
				B0A8A2151C2ACF8C006C6E89 /* Supporting Files */,
			);
			path = WindowManager;
			sourceTree = "<group>";
		};
		B0A8A2151C2ACF8C006C6E89 /* Supporting Files */ = {
			isa = PBXGroup;
			children = (
				B0A8A2161C2ACF8C006C6E89 /* main.m */,
			);
			name = "Supporting Files";
			sourceTree = "<group>";
		};
/* End PBXGroup section */

/* Begin PBXNativeTarget section */
		B0A8A2111C2ACF8C006C6E89 /* WindowManager */ = {
			isa = PBXNativeTarget;
			buildConfigurationList = B0A8A2291C2ACF8C006C6E89 /* Build configuration list for PBXNativeTarget "WindowManager" */;
			buildPhases = (
				B0A8A20E1C2ACF8C006C6E89 /* Sources */,
				B0A8A20F1C2ACF8C006C6E89 /* Frameworks */,
				B0A8A2101C2ACF8C006C6E89 /* Resources */,
			);
			buildRules = (
			);
			dependencies = (
			);
			name = WindowManager;
			productName = WindowManager;
			productReference = B0A8A2121C2ACF8C006C6E89 /* WindowManager.app */;
			productType = "com.apple.product-type.application";
		};
/* End PBXNativeTarget section */

/* Begin PBXProject section */
		B0A8A20A1C2ACF8C006C6E89 /* Project object */ = {
			isa = PBXProject;
			attributes = {
				LastUpgradeCheck = 0720;
				ORGANIZATIONNAME = "High Caffeine Content";
				TargetAttributes = {
					B0A8A2111C2ACF8C006C6E89 = {
						CreatedOnToolsVersion = 7.2;
					};
				};
			};
			buildConfigurationList = B0A8A20D1C2ACF8C006C6E89 /* Build configuration list for PBXProject "WindowManager" */;
			compatibilityVersion = "Xcode 3.2";
			developmentRegion = English;
			hasScannedForEncodings = 0;
			knownRegions = (
				en,
				Base,
			);
			mainGroup = B0A8A2091C2ACF8C006C6E89;
			productRefGroup = B0A8A2131C2ACF8C006C6E89 /* Products */;
			projectDirPath = "";
			projectRoot = "";
			targets = (
				B0A8A2111C2ACF8C006C6E89 /* WindowManager */,
			);
		};
/* End PBXProject section */

/* Begin PBXResourcesBuildPhase section */
		B0A8A2101C2ACF8C006C6E89 /* Resources */ = {
			isa = PBXResourcesBuildPhase;
			buildActionMask = 2147483647;
			files = (
				B0A8A2251C2ACF8C006C6E89 /* LaunchScreen.storyboard in Resources */,
				B0A8A2221C2ACF8C006C6E89 /* Assets.xcassets in Resources */,
			);
			runOnlyForDeploymentPostprocessing = 0;
		};
/* End PBXResourcesBuildPhase section */

/* Begin PBXSourcesBuildPhase section */
		B0A8A20E1C2ACF8C006C6E89 /* Sources */ = {
			isa = PBXSourcesBuildPhase;
			buildActionMask = 2147483647;
			files = (
				B0A8A22E1C2ACFAE006C6E89 /* WMWindow.m in Sources */,
				B0A8A21A1C2ACF8C006C6E89 /* AppDelegate.m in Sources */,
				B059BCA51C2D83AD00126834 /* README.mdown in Sources */,
				B0A8A2171C2ACF8C006C6E89 /* main.m in Sources */,
			);
			runOnlyForDeploymentPostprocessing = 0;
		};
/* End PBXSourcesBuildPhase section */

/* Begin PBXVariantGroup section */
		B0A8A2231C2ACF8C006C6E89 /* LaunchScreen.storyboard */ = {
			isa = PBXVariantGroup;
			children = (
				B0A8A2241C2ACF8C006C6E89 /* Base */,
			);
			name = LaunchScreen.storyboard;
			sourceTree = "<group>";
		};
/* End PBXVariantGroup section */

/* Begin XCBuildConfiguration section */
		B0A8A2271C2ACF8C006C6E89 /* Debug */ = {
			isa = XCBuildConfiguration;
			buildSettings = {
				ALWAYS_SEARCH_USER_PATHS = NO;
				CLANG_CXX_LANGUAGE_STANDARD = "gnu++0x";
				CLANG_CXX_LIBRARY = "libc++";
				CLANG_ENABLE_MODULES = YES;
				CLANG_ENABLE_OBJC_ARC = YES;
				CLANG_WARN_BOOL_CONVERSION = YES;
				CLANG_WARN_CONSTANT_CONVERSION = YES;
				CLANG_WARN_DIRECT_OBJC_ISA_USAGE = YES_ERROR;
				CLANG_WARN_EMPTY_BODY = YES;
				CLANG_WARN_ENUM_CONVERSION = YES;
				CLANG_WARN_INT_CONVERSION = YES;
				CLANG_WARN_OBJC_ROOT_CLASS = YES_ERROR;
				CLANG_WARN_UNREACHABLE_CODE = YES;
				CLANG_WARN__DUPLICATE_METHOD_MATCH = YES;
				"CODE_SIGN_IDENTITY[sdk=iphoneos*]" = "iPhone Developer";
				COPY_PHASE_STRIP = NO;
				DEBUG_INFORMATION_FORMAT = dwarf;
				ENABLE_STRICT_OBJC_MSGSEND = YES;
				ENABLE_TESTABILITY = YES;
				GCC_C_LANGUAGE_STANDARD = gnu99;
				GCC_DYNAMIC_NO_PIC = NO;
				GCC_NO_COMMON_BLOCKS = YES;
				GCC_OPTIMIZATION_LEVEL = 0;
				GCC_PREPROCESSOR_DEFINITIONS = (
					"DEBUG=1",
					"$(inherited)",
				);
				GCC_TREAT_WARNINGS_AS_ERRORS = YES;
				GCC_WARN_64_TO_32_BIT_CONVERSION = YES;
				GCC_WARN_ABOUT_RETURN_TYPE = YES_ERROR;
				GCC_WARN_PEDANTIC = YES;
				GCC_WARN_UNDECLARED_SELECTOR = YES;
				GCC_WARN_UNINITIALIZED_AUTOS = YES_AGGRESSIVE;
				GCC_WARN_UNUSED_FUNCTION = YES;
				GCC_WARN_UNUSED_VARIABLE = YES;
				IPHONEOS_DEPLOYMENT_TARGET = 9.2;
				MTL_ENABLE_DEBUG_INFO = YES;
				ONLY_ACTIVE_ARCH = YES;
				SDKROOT = iphoneos;
				TARGETED_DEVICE_FAMILY = 2;
			};
			name = Debug;
		};
		B0A8A2281C2ACF8C006C6E89 /* Release */ = {
			isa = XCBuildConfiguration;
			buildSettings = {
				ALWAYS_SEARCH_USER_PATHS = NO;
				CLANG_CXX_LANGUAGE_STANDARD = "gnu++0x";
				CLANG_CXX_LIBRARY = "libc++";
				CLANG_ENABLE_MODULES = YES;
				CLANG_ENABLE_OBJC_ARC = YES;
				CLANG_WARN_BOOL_CONVERSION = YES;
				CLANG_WARN_CONSTANT_CONVERSION = YES;
				CLANG_WARN_DIRECT_OBJC_ISA_USAGE = YES_ERROR;
				CLANG_WARN_EMPTY_BODY = YES;
				CLANG_WARN_ENUM_CONVERSION = YES;
				CLANG_WARN_INT_CONVERSION = YES;
				CLANG_WARN_OBJC_ROOT_CLASS = YES_ERROR;
				CLANG_WARN_UNREACHABLE_CODE = YES;
				CLANG_WARN__DUPLICATE_METHOD_MATCH = YES;
				"CODE_SIGN_IDENTITY[sdk=iphoneos*]" = "iPhone Developer";
				COPY_PHASE_STRIP = NO;
				DEBUG_INFORMATION_FORMAT = "dwarf-with-dsym";
				ENABLE_NS_ASSERTIONS = NO;
				ENABLE_STRICT_OBJC_MSGSEND = YES;
				GCC_C_LANGUAGE_STANDARD = gnu99;
				GCC_NO_COMMON_BLOCKS = YES;
				GCC_TREAT_WARNINGS_AS_ERRORS = YES;
				GCC_WARN_64_TO_32_BIT_CONVERSION = YES;
				GCC_WARN_ABOUT_RETURN_TYPE = YES_ERROR;
				GCC_WARN_PEDANTIC = YES;
				GCC_WARN_UNDECLARED_SELECTOR = YES;
				GCC_WARN_UNINITIALIZED_AUTOS = YES_AGGRESSIVE;
				GCC_WARN_UNUSED_FUNCTION = YES;
				GCC_WARN_UNUSED_VARIABLE = YES;
				IPHONEOS_DEPLOYMENT_TARGET = 9.2;
				MTL_ENABLE_DEBUG_INFO = NO;
				SDKROOT = iphoneos;
				TARGETED_DEVICE_FAMILY = 2;
				VALIDATE_PRODUCT = YES;
			};
			name = Release;
		};
		B0A8A22A1C2ACF8C006C6E89 /* Debug */ = {
			isa = XCBuildConfiguration;
			buildSettings = {
				ASSETCATALOG_COMPILER_APPICON_NAME = AppIcon;
				INFOPLIST_FILE = WindowManager/Info.plist;
				IPHONEOS_DEPLOYMENT_TARGET = 9.0;
				LD_RUNPATH_SEARCH_PATHS = "$(inherited) @executable_path/Frameworks";
				PRODUCT_BUNDLE_IDENTIFIER = com.highcaffeinecontent.WindowManager;
				PRODUCT_NAME = "$(TARGET_NAME)";
				TARGETED_DEVICE_FAMILY = "1,2";
			};
			name = Debug;
		};
		B0A8A22B1C2ACF8C006C6E89 /* Release */ = {
			isa = XCBuildConfiguration;
			buildSettings = {
				ASSETCATALOG_COMPILER_APPICON_NAME = AppIcon;
				INFOPLIST_FILE = WindowManager/Info.plist;
				IPHONEOS_DEPLOYMENT_TARGET = 9.0;
				LD_RUNPATH_SEARCH_PATHS = "$(inherited) @executable_path/Frameworks";
				PRODUCT_BUNDLE_IDENTIFIER = com.highcaffeinecontent.WindowManager;
				PRODUCT_NAME = "$(TARGET_NAME)";
				TARGETED_DEVICE_FAMILY = "1,2";
			};
			name = Release;
		};
/* End XCBuildConfiguration section */

/* Begin XCConfigurationList section */
		B0A8A20D1C2ACF8C006C6E89 /* Build configuration list for PBXProject "WindowManager" */ = {
			isa = XCConfigurationList;
			buildConfigurations = (
				B0A8A2271C2ACF8C006C6E89 /* Debug */,
				B0A8A2281C2ACF8C006C6E89 /* Release */,
			);
			defaultConfigurationIsVisible = 0;
			defaultConfigurationName = Release;
		};
		B0A8A2291C2ACF8C006C6E89 /* Build configuration list for PBXNativeTarget "WindowManager" */ = {
			isa = XCConfigurationList;
			buildConfigurations = (
				B0A8A22A1C2ACF8C006C6E89 /* Debug */,
				B0A8A22B1C2ACF8C006C6E89 /* Release */,
			);
			defaultConfigurationIsVisible = 0;
			defaultConfigurationName = Release;
		};
/* End XCConfigurationList section */
	};
	rootObject = B0A8A20A1C2ACF8C006C6E89 /* Project object */;
}
